
Microsoft Visual Studio Solution File, Format Version 12.00
# Visual Studio 15
VisualStudioVersion = 15.0.28010.2050
MinimumVisualStudioVersion = 10.0.40219.1
Project("{9A19103F-16F7-4668-BE54-9A1E7A4F7556}") = "ComBrewnityV2", "ComBrewnityV2\ComBrewnityV2.csproj", "{C12017AA-90FC-4634-B568-75C9F2F6F8D2}"
EndProject
Project("{9A19103F-16F7-4668-BE54-9A1E7A4F7556}") = "Domain", "Domain\Domain.csproj", "{C1F72FF9-125F-42AF-953B-ABE712859E88}"
EndProject
Project("{FAE04EC0-301F-11D3-BF4B-00C04F79EFBC}") = "Frontend", "Frontend\Frontend.csproj", "{6839F7C4-348F-45B0-846B-C486406732B9}"
EndProject
Global
	GlobalSection(SolutionConfigurationPlatforms) = preSolution
		Debug|Any CPU = Debug|Any CPU
		Release|Any CPU = Release|Any CPU
	EndGlobalSection
	GlobalSection(ProjectConfigurationPlatforms) = postSolution
		{C12017AA-90FC-4634-B568-75C9F2F6F8D2}.Debug|Any CPU.ActiveCfg = Debug|Any CPU
		{C12017AA-90FC-4634-B568-75C9F2F6F8D2}.Debug|Any CPU.Build.0 = Debug|Any CPU
		{C12017AA-90FC-4634-B568-75C9F2F6F8D2}.Release|Any CPU.ActiveCfg = Release|Any CPU
		{C12017AA-90FC-4634-B568-75C9F2F6F8D2}.Release|Any CPU.Build.0 = Release|Any CPU
		{C1F72FF9-125F-42AF-953B-ABE712859E88}.Debug|Any CPU.ActiveCfg = Debug|Any CPU
		{C1F72FF9-125F-42AF-953B-ABE712859E88}.Debug|Any CPU.Build.0 = Debug|Any CPU
		{C1F72FF9-125F-42AF-953B-ABE712859E88}.Release|Any CPU.ActiveCfg = Release|Any CPU
		{C1F72FF9-125F-42AF-953B-ABE712859E88}.Release|Any CPU.Build.0 = Release|Any CPU
		{6839F7C4-348F-45B0-846B-C486406732B9}.Debug|Any CPU.ActiveCfg = Debug|Any CPU
		{6839F7C4-348F-45B0-846B-C486406732B9}.Debug|Any CPU.Build.0 = Debug|Any CPU
		{6839F7C4-348F-45B0-846B-C486406732B9}.Release|Any CPU.ActiveCfg = Release|Any CPU
		{6839F7C4-348F-45B0-846B-C486406732B9}.Release|Any CPU.Build.0 = Release|Any CPU
	EndGlobalSection
	GlobalSection(SolutionProperties) = preSolution
		HideSolutionNode = FALSE
	EndGlobalSection
	GlobalSection(ExtensibilityGlobals) = postSolution
		SolutionGuid = {96049187-37AC-41B1-ACF3-6A54D1A5ABD1}
	EndGlobalSection
EndGlobal
